
Microsoft Visual Studio Solution File, Format Version 12.00
# Visual Studio Version 17
VisualStudioVersion = 17.1.32228.430
MinimumVisualStudioVersion = 10.0.40219.1
Project("{FAE04EC0-301F-11D3-BF4B-00C04F79EFBC}") = "Authorized.UWP", "Authorized\Authorized.UWP\Authorized.UWP.csproj", "{60BD76B5-37F6-4936-83D4-246AF49F9AA0}"
EndProject
Project("{FAE04EC0-301F-11D3-BF4B-00C04F79EFBC}") = "Authorized.Android", "Authorized\Authorized.Android\Authorized.Android.csproj", "{ED4DDA3F-1E32-4725-9FAB-3D3FBB28A3B5}"
EndProject
Project("{FAE04EC0-301F-11D3-BF4B-00C04F79EFBC}") = "Authorized.iOS", "Authorized\Authorized.iOS\Authorized.iOS.csproj", "{306DF3F0-550E-4E37-8BCE-5D50AD96CB44}"
EndProject
Project("{FAE04EC0-301F-11D3-BF4B-00C04F79EFBC}") = "Authorized", "Authorized\Authorized\Authorized.csproj", "{1B02D275-7A12-44E8-81E7-F4CA97578C54}"
EndProject
Global
	GlobalSection(SolutionConfigurationPlatforms) = preSolution
		Debug|Any CPU = Debug|Any CPU
		Debug|ARM = Debug|ARM
		Debug|iPhone = Debug|iPhone
		Debug|iPhoneSimulator = Debug|iPhoneSimulator
		Debug|x64 = Debug|x64
		Debug|x86 = Debug|x86
		Release|Any CPU = Release|Any CPU
		Release|ARM = Release|ARM
		Release|iPhone = Release|iPhone
		Release|iPhoneSimulator = Release|iPhoneSimulator
		Release|x64 = Release|x64
		Release|x86 = Release|x86
	EndGlobalSection
	GlobalSection(ProjectConfigurationPlatforms) = postSolution
		{60BD76B5-37F6-4936-83D4-246AF49F9AA0}.Debug|Any CPU.ActiveCfg = Debug|x64
		{60BD76B5-37F6-4936-83D4-246AF49F9AA0}.Debug|Any CPU.Build.0 = Debug|x64
		{60BD76B5-37F6-4936-83D4-246AF49F9AA0}.Debug|Any CPU.Deploy.0 = Debug|x64
		{60BD76B5-37F6-4936-83D4-246AF49F9AA0}.Debug|ARM.ActiveCfg = Debug|ARM
		{60BD76B5-37F6-4936-83D4-246AF49F9AA0}.Debug|ARM.Build.0 = Debug|ARM
		{60BD76B5-37F6-4936-83D4-246AF49F9AA0}.Debug|ARM.Deploy.0 = Debug|ARM
		{60BD76B5-37F6-4936-83D4-246AF49F9AA0}.Debug|iPhone.ActiveCfg = Debug|x64
		{60BD76B5-37F6-4936-83D4-246AF49F9AA0}.Debug|iPhone.Build.0 = Debug|x64
		{60BD76B5-37F6-4936-83D4-246AF49F9AA0}.Debug|iPhone.Deploy.0 = Debug|x64
		{60BD76B5-37F6-4936-83D4-246AF49F9AA0}.Debug|iPhoneSimulator.ActiveCfg = Debug|x64
		{60BD76B5-37F6-4936-83D4-246AF49F9AA0}.Debug|iPhoneSimulator.Build.0 = Debug|x64
		{60BD76B5-37F6-4936-83D4-246AF49F9AA0}.Debug|iPhoneSimulator.Deploy.0 = Debug|x64
		{60BD76B5-37F6-4936-83D4-246AF49F9AA0}.Debug|x64.ActiveCfg = Debug|x64
		{60BD76B5-37F6-4936-83D4-246AF49F9AA0}.Debug|x64.Build.0 = Debug|x64
		{60BD76B5-37F6-4936-83D4-246AF49F9AA0}.Debug|x64.Deploy.0 = Debug|x64
		{60BD76B5-37F6-4936-83D4-246AF49F9AA0}.Debug|x86.ActiveCfg = Debug|x86
		{60BD76B5-37F6-4936-83D4-246AF49F9AA0}.Debug|x86.Build.0 = Debug|x86
		{60BD76B5-37F6-4936-83D4-246AF49F9AA0}.Debug|x86.Deploy.0 = Debug|x86
		{60BD76B5-37F6-4936-83D4-246AF49F9AA0}.Release|Any CPU.ActiveCfg = Release|x64
		{60BD76B5-37F6-4936-83D4-246AF49F9AA0}.Release|Any CPU.Build.0 = Release|x64
		{60BD76B5-37F6-4936-83D4-246AF49F9AA0}.Release|Any CPU.Deploy.0 = Release|x64
		{60BD76B5-37F6-4936-83D4-246AF49F9AA0}.Release|ARM.ActiveCfg = Release|ARM
		{60BD76B5-37F6-4936-83D4-246AF49F9AA0}.Release|ARM.Build.0 = Release|ARM
		{60BD76B5-37F6-4936-83D4-246AF49F9AA0}.Release|ARM.Deploy.0 = Release|ARM
		{60BD76B5-37F6-4936-83D4-246AF49F9AA0}.Release|iPhone.ActiveCfg = Release|x64
		{60BD76B5-37F6-4936-83D4-246AF49F9AA0}.Release|iPhone.Build.0 = Release|x64
		{60BD76B5-37F6-4936-83D4-246AF49F9AA0}.Release|iPhone.Deploy.0 = Release|x64
		{60BD76B5-37F6-4936-83D4-246AF49F9AA0}.Release|iPhoneSimulator.ActiveCfg = Release|x64
		{60BD76B5-37F6-4936-83D4-246AF49F9AA0}.Release|iPhoneSimulator.Build.0 = Release|x64
		{60BD76B5-37F6-4936-83D4-246AF49F9AA0}.Release|iPhoneSimulator.Deploy.0 = Release|x64
		{60BD76B5-37F6-4936-83D4-246AF49F9AA0}.Release|x64.ActiveCfg = Release|x64
		{60BD76B5-37F6-4936-83D4-246AF49F9AA0}.Release|x64.Build.0 = Release|x64
		{60BD76B5-37F6-4936-83D4-246AF49F9AA0}.Release|x64.Deploy.0 = Release|x64
		{60BD76B5-37F6-4936-83D4-246AF49F9AA0}.Release|x86.ActiveCfg = Release|x86
		{60BD76B5-37F6-4936-83D4-246AF49F9AA0}.Release|x86.Build.0 = Release|x86
		{60BD76B5-37F6-4936-83D4-246AF49F9AA0}.Release|x86.Deploy.0 = Release|x86
		{ED4DDA3F-1E32-4725-9FAB-3D3FBB28A3B5}.Debug|Any CPU.ActiveCfg = Debug|Any CPU
		{ED4DDA3F-1E32-4725-9FAB-3D3FBB28A3B5}.Debug|Any CPU.Build.0 = Debug|Any CPU
		{ED4DDA3F-1E32-4725-9FAB-3D3FBB28A3B5}.Debug|Any CPU.Deploy.0 = Debug|Any CPU
		{ED4DDA3F-1E32-4725-9FAB-3D3FBB28A3B5}.Debug|ARM.ActiveCfg = Debug|Any CPU
		{ED4DDA3F-1E32-4725-9FAB-3D3FBB28A3B5}.Debug|ARM.Build.0 = Debug|Any CPU
		{ED4DDA3F-1E32-4725-9FAB-3D3FBB28A3B5}.Debug|ARM.Deploy.0 = Debug|Any CPU
		{ED4DDA3F-1E32-4725-9FAB-3D3FBB28A3B5}.Debug|iPhone.ActiveCfg = Debug|Any CPU
		{ED4DDA3F-1E32-4725-9FAB-3D3FBB28A3B5}.Debug|iPhone.Build.0 = Debug|Any CPU
		{ED4DDA3F-1E32-4725-9FAB-3D3FBB28A3B5}.Debug|iPhone.Deploy.0 = Debug|Any CPU
		{ED4DDA3F-1E32-4725-9FAB-3D3FBB28A3B5}.Debug|iPhoneSimulator.ActiveCfg = Debug|Any CPU
		{ED4DDA3F-1E32-4725-9FAB-3D3FBB28A3B5}.Debug|iPhoneSimulator.Build.0 = Debug|Any CPU
		{ED4DDA3F-1E32-4725-9FAB-3D3FBB28A3B5}.Debug|iPhoneSimulator.Deploy.0 = Debug|Any CPU
		{ED4DDA3F-1E32-4725-9FAB-3D3FBB28A3B5}.Debug|x64.ActiveCfg = Debug|Any CPU
		{ED4DDA3F-1E32-4725-9FAB-3D3FBB28A3B5}.Debug|x64.Build.0 = Debug|Any CPU
		{ED4DDA3F-1E32-4725-9FAB-3D3FBB28A3B5}.Debug|x64.Deploy.0 = Debug|Any CPU
		{ED4DDA3F-1E32-4725-9FAB-3D3FBB28A3B5}.Debug|x86.ActiveCfg = Debug|Any CPU
		{ED4DDA3F-1E32-4725-9FAB-3D3FBB28A3B5}.Debug|x86.Build.0 = Debug|Any CPU
		{ED4DDA3F-1E32-4725-9FAB-3D3FBB28A3B5}.Debug|x86.Deploy.0 = Debug|Any CPU
		{ED4DDA3F-1E32-4725-9FAB-3D3FBB28A3B5}.Release|Any CPU.ActiveCfg = Release|Any CPU
		{ED4DDA3F-1E32-4725-9FAB-3D3FBB28A3B5}.Release|Any CPU.Build.0 = Release|Any CPU
		{ED4DDA3F-1E32-4725-9FAB-3D3FBB28A3B5}.Release|Any CPU.Deploy.0 = Release|Any CPU
		{ED4DDA3F-1E32-4725-9FAB-3D3FBB28A3B5}.Release|ARM.ActiveCfg = Release|Any CPU
		{ED4DDA3F-1E32-4725-9FAB-3D3FBB28A3B5}.Release|ARM.Build.0 = Release|Any CPU
		{ED4DDA3F-1E32-4725-9FAB-3D3FBB28A3B5}.Release|ARM.Deploy.0 = Release|Any CPU
		{ED4DDA3F-1E32-4725-9FAB-3D3FBB28A3B5}.Release|iPhone.ActiveCfg = Release|Any CPU
		{ED4DDA3F-1E32-4725-9FAB-3D3FBB28A3B5}.Release|iPhone.Build.0 = Release|Any CPU
		{ED4DDA3F-1E32-4725-9FAB-3D3FBB28A3B5}.Release|iPhone.Deploy.0 = Release|Any CPU
		{ED4DDA3F-1E32-4725-9FAB-3D3FBB28A3B5}.Release|iPhoneSimulator.ActiveCfg = Release|Any CPU
		{ED4DDA3F-1E32-4725-9FAB-3D3FBB28A3B5}.Release|iPhoneSimulator.Build.0 = Release|Any CPU
		{ED4DDA3F-1E32-4725-9FAB-3D3FBB28A3B5}.Release|iPhoneSimulator.Deploy.0 = Release|Any CPU
		{ED4DDA3F-1E32-4725-9FAB-3D3FBB28A3B5}.Release|x64.ActiveCfg = Release|Any CPU
		{ED4DDA3F-1E32-4725-9FAB-3D3FBB28A3B5}.Release|x64.Build.0 = Release|Any CPU
		{ED4DDA3F-1E32-4725-9FAB-3D3FBB28A3B5}.Release|x64.Deploy.0 = Release|Any CPU
		{ED4DDA3F-1E32-4725-9FAB-3D3FBB28A3B5}.Release|x86.ActiveCfg = Release|Any CPU
		{ED4DDA3F-1E32-4725-9FAB-3D3FBB28A3B5}.Release|x86.Build.0 = Release|Any CPU
		{ED4DDA3F-1E32-4725-9FAB-3D3FBB28A3B5}.Release|x86.Deploy.0 = Release|Any CPU
		{306DF3F0-550E-4E37-8BCE-5D50AD96CB44}.Debug|Any CPU.ActiveCfg = Debug|iPhoneSimulator
		{306DF3F0-550E-4E37-8BCE-5D50AD96CB44}.Debug|Any CPU.Build.0 = Debug|iPhoneSimulator
		{306DF3F0-550E-4E37-8BCE-5D50AD96CB44}.Debug|Any CPU.Deploy.0 = Debug|iPhoneSimulator
		{306DF3F0-550E-4E37-8BCE-5D50AD96CB44}.Debug|ARM.ActiveCfg = Debug|iPhoneSimulator
		{306DF3F0-550E-4E37-8BCE-5D50AD96CB44}.Debug|ARM.Build.0 = Debug|iPhoneSimulator
		{306DF3F0-550E-4E37-8BCE-5D50AD96CB44}.Debug|ARM.Deploy.0 = Debug|iPhoneSimulator
		{306DF3F0-550E-4E37-8BCE-5D50AD96CB44}.Debug|iPhone.ActiveCfg = Debug|iPhone
		{306DF3F0-550E-4E37-8BCE-5D50AD96CB44}.Debug|iPhone.Build.0 = Debug|iPhone
		{306DF3F0-550E-4E37-8BCE-5D50AD96CB44}.Debug|iPhone.Deploy.0 = Debug|iPhone
		{306DF3F0-550E-4E37-8BCE-5D50AD96CB44}.Debug|iPhoneSimulator.ActiveCfg = Debug|iPhoneSimulator
		{306DF3F0-550E-4E37-8BCE-5D50AD96CB44}.Debug|iPhoneSimulator.Build.0 = Debug|iPhoneSimulator
		{306DF3F0-550E-4E37-8BCE-5D50AD96CB44}.Debug|iPhoneSimulator.Deploy.0 = Debug|iPhoneSimulator
		{306DF3F0-550E-4E37-8BCE-5D50AD96CB44}.Debug|x64.ActiveCfg = Debug|iPhone
		{306DF3F0-550E-4E37-8BCE-5D50AD96CB44}.Debug|x64.Build.0 = Debug|iPhone
		{306DF3F0-550E-4E37-8BCE-5D50AD96CB44}.Debug|x64.Deploy.0 = Debug|iPhone
		{306DF3F0-550E-4E37-8BCE-5D50AD96CB44}.Debug|x86.ActiveCfg = Debug|iPhoneSimulator
		{306DF3F0-550E-4E37-8BCE-5D50AD96CB44}.Debug|x86.Build.0 = Debug|iPhoneSimulator
		{306DF3F0-550E-4E37-8BCE-5D50AD96CB44}.Debug|x86.Deploy.0 = Debug|iPhoneSimulator
		{306DF3F0-550E-4E37-8BCE-5D50AD96CB44}.Release|Any CPU.ActiveCfg = Release|iPhoneSimulator
		{306DF3F0-550E-4E37-8BCE-5D50AD96CB44}.Release|Any CPU.Build.0 = Release|iPhoneSimulator
		{306DF3F0-550E-4E37-8BCE-5D50AD96CB44}.Release|Any CPU.Deploy.0 = Release|iPhoneSimulator
		{306DF3F0-550E-4E37-8BCE-5D50AD96CB44}.Release|ARM.ActiveCfg = Release|iPhoneSimulator
		{306DF3F0-550E-4E37-8BCE-5D50AD96CB44}.Release|ARM.Build.0 = Release|iPhoneSimulator
		{306DF3F0-550E-4E37-8BCE-5D50AD96CB44}.Release|ARM.Deploy.0 = Release|iPhoneSimulator
		{306DF3F0-550E-4E37-8BCE-5D50AD96CB44}.Release|iPhone.ActiveCfg = Release|iPhone
		{306DF3F0-550E-4E37-8BCE-5D50AD96CB44}.Release|iPhone.Build.0 = Release|iPhone
		{306DF3F0-550E-4E37-8BCE-5D50AD96CB44}.Release|iPhone.Deploy.0 = Release|iPhone
		{306DF3F0-550E-4E37-8BCE-5D50AD96CB44}.Release|iPhoneSimulator.ActiveCfg = Release|iPhoneSimulator
		{306DF3F0-550E-4E37-8BCE-5D50AD96CB44}.Release|iPhoneSimulator.Build.0 = Release|iPhoneSimulator
		{306DF3F0-550E-4E37-8BCE-5D50AD96CB44}.Release|iPhoneSimulator.Deploy.0 = Release|iPhoneSimulator
		{306DF3F0-550E-4E37-8BCE-5D50AD96CB44}.Release|x64.ActiveCfg = Release|iPhoneSimulator
		{306DF3F0-550E-4E37-8BCE-5D50AD96CB44}.Release|x64.Build.0 = Release|iPhoneSimulator
		{306DF3F0-550E-4E37-8BCE-5D50AD96CB44}.Release|x64.Deploy.0 = Release|iPhoneSimulator
		{306DF3F0-550E-4E37-8BCE-5D50AD96CB44}.Release|x86.ActiveCfg = Release|iPhoneSimulator
		{306DF3F0-550E-4E37-8BCE-5D50AD96CB44}.Release|x86.Build.0 = Release|iPhoneSimulator
		{306DF3F0-550E-4E37-8BCE-5D50AD96CB44}.Release|x86.Deploy.0 = Release|iPhoneSimulator
		{1B02D275-7A12-44E8-81E7-F4CA97578C54}.Debug|Any CPU.ActiveCfg = Debug|Any CPU
		{1B02D275-7A12-44E8-81E7-F4CA97578C54}.Debug|Any CPU.Build.0 = Debug|Any CPU
		{1B02D275-7A12-44E8-81E7-F4CA97578C54}.Debug|Any CPU.Deploy.0 = Debug|Any CPU
		{1B02D275-7A12-44E8-81E7-F4CA97578C54}.Debug|ARM.ActiveCfg = Debug|Any CPU
		{1B02D275-7A12-44E8-81E7-F4CA97578C54}.Debug|ARM.Build.0 = Debug|Any CPU
		{1B02D275-7A12-44E8-81E7-F4CA97578C54}.Debug|ARM.Deploy.0 = Debug|Any CPU
		{1B02D275-7A12-44E8-81E7-F4CA97578C54}.Debug|iPhone.ActiveCfg = Debug|Any CPU
		{1B02D275-7A12-44E8-81E7-F4CA97578C54}.Debug|iPhone.Build.0 = Debug|Any CPU
		{1B02D275-7A12-44E8-81E7-F4CA97578C54}.Debug|iPhone.Deploy.0 = Debug|Any CPU
		{1B02D275-7A12-44E8-81E7-F4CA97578C54}.Debug|iPhoneSimulator.ActiveCfg = Debug|Any CPU
		{1B02D275-7A12-44E8-81E7-F4CA97578C54}.Debug|iPhoneSimulator.Build.0 = Debug|Any CPU
		{1B02D275-7A12-44E8-81E7-F4CA97578C54}.Debug|iPhoneSimulator.Deploy.0 = Debug|Any CPU
		{1B02D275-7A12-44E8-81E7-F4CA97578C54}.Debug|x64.ActiveCfg = Debug|Any CPU
		{1B02D275-7A12-44E8-81E7-F4CA97578C54}.Debug|x64.Build.0 = Debug|Any CPU
		{1B02D275-7A12-44E8-81E7-F4CA97578C54}.Debug|x64.Deploy.0 = Debug|Any CPU
		{1B02D275-7A12-44E8-81E7-F4CA97578C54}.Debug|x86.ActiveCfg = Debug|Any CPU
		{1B02D275-7A12-44E8-81E7-F4CA97578C54}.Debug|x86.Build.0 = Debug|Any CPU
		{1B02D275-7A12-44E8-81E7-F4CA97578C54}.Debug|x86.Deploy.0 = Debug|Any CPU
		{1B02D275-7A12-44E8-81E7-F4CA97578C54}.Release|Any CPU.ActiveCfg = Release|Any CPU
		{1B02D275-7A12-44E8-81E7-F4CA97578C54}.Release|Any CPU.Build.0 = Release|Any CPU
		{1B02D275-7A12-44E8-81E7-F4CA97578C54}.Release|Any CPU.Deploy.0 = Release|Any CPU
		{1B02D275-7A12-44E8-81E7-F4CA97578C54}.Release|ARM.ActiveCfg = Release|Any CPU
		{1B02D275-7A12-44E8-81E7-F4CA97578C54}.Release|ARM.Build.0 = Release|Any CPU
		{1B02D275-7A12-44E8-81E7-F4CA97578C54}.Release|ARM.Deploy.0 = Release|Any CPU
		{1B02D275-7A12-44E8-81E7-F4CA97578C54}.Release|iPhone.ActiveCfg = Release|Any CPU
		{1B02D275-7A12-44E8-81E7-F4CA97578C54}.Release|iPhone.Build.0 = Release|Any CPU
		{1B02D275-7A12-44E8-81E7-F4CA97578C54}.Release|iPhone.Deploy.0 = Release|Any CPU
		{1B02D275-7A12-44E8-81E7-F4CA97578C54}.Release|iPhoneSimulator.ActiveCfg = Release|Any CPU
		{1B02D275-7A12-44E8-81E7-F4CA97578C54}.Release|iPhoneSimulator.Build.0 = Release|Any CPU
		{1B02D275-7A12-44E8-81E7-F4CA97578C54}.Release|iPhoneSimulator.Deploy.0 = Release|Any CPU
		{1B02D275-7A12-44E8-81E7-F4CA97578C54}.Release|x64.ActiveCfg = Release|Any CPU
		{1B02D275-7A12-44E8-81E7-F4CA97578C54}.Release|x64.Build.0 = Release|Any CPU
		{1B02D275-7A12-44E8-81E7-F4CA97578C54}.Release|x64.Deploy.0 = Release|Any CPU
		{1B02D275-7A12-44E8-81E7-F4CA97578C54}.Release|x86.ActiveCfg = Release|Any CPU
		{1B02D275-7A12-44E8-81E7-F4CA97578C54}.Release|x86.Build.0 = Release|Any CPU
		{1B02D275-7A12-44E8-81E7-F4CA97578C54}.Release|x86.Deploy.0 = Release|Any CPU
	EndGlobalSection
	GlobalSection(SolutionProperties) = preSolution
		HideSolutionNode = FALSE
	EndGlobalSection
	GlobalSection(ExtensibilityGlobals) = postSolution
		SolutionGuid = {7F634DB5-F6A7-48A9-92AF-5AD98D8A850F}
	EndGlobalSection
EndGlobal
